// !$*UTF8*$!
{
	archiveVersion = 1;
	classes = {
	};
	objectVersion = 46;
	objects = {

/* Begin PBXBuildFile section */
		569A5C2229BFB7D5B0571821 /* Pods_Flickr_Architecture_Viewer.framework in Frameworks */ = {isa = PBXBuildFile; fileRef = 7F33E5EA693DC9471D1BC259 /* Pods_Flickr_Architecture_Viewer.framework */; };
		9C426C371E8946600009065C /* AppDelegate.swift in Sources */ = {isa = PBXBuildFile; fileRef = 9C426C361E8946600009065C /* AppDelegate.swift */; };
		9C426C391E8946600009065C /* ViewController.swift in Sources */ = {isa = PBXBuildFile; fileRef = 9C426C381E8946600009065C /* ViewController.swift */; };
		9C426C3C1E8946600009065C /* Main.storyboard in Resources */ = {isa = PBXBuildFile; fileRef = 9C426C3A1E8946600009065C /* Main.storyboard */; };
		9C426C3E1E8946600009065C /* Assets.xcassets in Resources */ = {isa = PBXBuildFile; fileRef = 9C426C3D1E8946600009065C /* Assets.xcassets */; };
		9C426C411E8946600009065C /* LaunchScreen.storyboard in Resources */ = {isa = PBXBuildFile; fileRef = 9C426C3F1E8946600009065C /* LaunchScreen.storyboard */; };
		9C426C4D1E895FE30009065C /* PhotosNetworking.swift in Sources */ = {isa = PBXBuildFile; fileRef = 9C426C4C1E895FE30009065C /* PhotosNetworking.swift */; };
		9C426C4F1E8965940009065C /* Photo.swift in Sources */ = {isa = PBXBuildFile; fileRef = 9C426C4E1E8965940009065C /* Photo.swift */; };
/* End PBXBuildFile section */

/* Begin PBXFileReference section */
		5349A8B16C0CA29C72689710 /* Pods-Flickr Architecture Viewer.release.xcconfig */ = {isa = PBXFileReference; includeInIndex = 1; lastKnownFileType = text.xcconfig; name = "Pods-Flickr Architecture Viewer.release.xcconfig"; path = "Pods/Target Support Files/Pods-Flickr Architecture Viewer/Pods-Flickr Architecture Viewer.release.xcconfig"; sourceTree = "<group>"; };
		7F33E5EA693DC9471D1BC259 /* Pods_Flickr_Architecture_Viewer.framework */ = {isa = PBXFileReference; explicitFileType = wrapper.framework; includeInIndex = 0; path = Pods_Flickr_Architecture_Viewer.framework; sourceTree = BUILT_PRODUCTS_DIR; };
		9C426C331E8946600009065C /* Flickr Architecture Viewer.app */ = {isa = PBXFileReference; explicitFileType = wrapper.application; includeInIndex = 0; path = "Flickr Architecture Viewer.app"; sourceTree = BUILT_PRODUCTS_DIR; };
		9C426C361E8946600009065C /* AppDelegate.swift */ = {isa = PBXFileReference; lastKnownFileType = sourcecode.swift; path = AppDelegate.swift; sourceTree = "<group>"; };
		9C426C381E8946600009065C /* ViewController.swift */ = {isa = PBXFileReference; lastKnownFileType = sourcecode.swift; path = ViewController.swift; sourceTree = "<group>"; };
		9C426C3B1E8946600009065C /* Base */ = {isa = PBXFileReference; lastKnownFileType = file.storyboard; name = Base; path = Base.lproj/Main.storyboard; sourceTree = "<group>"; };
		9C426C3D1E8946600009065C /* Assets.xcassets */ = {isa = PBXFileReference; lastKnownFileType = folder.assetcatalog; path = Assets.xcassets; sourceTree = "<group>"; };
		9C426C401E8946600009065C /* Base */ = {isa = PBXFileReference; lastKnownFileType = file.storyboard; name = Base; path = Base.lproj/LaunchScreen.storyboard; sourceTree = "<group>"; };
		9C426C421E8946600009065C /* Info.plist */ = {isa = PBXFileReference; lastKnownFileType = text.plist.xml; path = Info.plist; sourceTree = "<group>"; };
		9C426C4C1E895FE30009065C /* PhotosNetworking.swift */ = {isa = PBXFileReference; fileEncoding = 4; lastKnownFileType = sourcecode.swift; path = PhotosNetworking.swift; sourceTree = "<group>"; };
		9C426C4E1E8965940009065C /* Photo.swift */ = {isa = PBXFileReference; fileEncoding = 4; lastKnownFileType = sourcecode.swift; path = Photo.swift; sourceTree = "<group>"; };
		B331202403A10476408AE5C0 /* Pods-Flickr Architecture Viewer.debug.xcconfig */ = {isa = PBXFileReference; includeInIndex = 1; lastKnownFileType = text.xcconfig; name = "Pods-Flickr Architecture Viewer.debug.xcconfig"; path = "Pods/Target Support Files/Pods-Flickr Architecture Viewer/Pods-Flickr Architecture Viewer.debug.xcconfig"; sourceTree = "<group>"; };
/* End PBXFileReference section */

/* Begin PBXFrameworksBuildPhase section */
		9C426C301E8946600009065C /* Frameworks */ = {
			isa = PBXFrameworksBuildPhase;
			buildActionMask = 2147483647;
			files = (
				569A5C2229BFB7D5B0571821 /* Pods_Flickr_Architecture_Viewer.framework in Frameworks */,
			);
			runOnlyForDeploymentPostprocessing = 0;
		};
/* End PBXFrameworksBuildPhase section */

/* Begin PBXGroup section */
		962086752BD953D1A1C2F8F8 /* Pods */ = {
			isa = PBXGroup;
			children = (
				B331202403A10476408AE5C0 /* Pods-Flickr Architecture Viewer.debug.xcconfig */,
				5349A8B16C0CA29C72689710 /* Pods-Flickr Architecture Viewer.release.xcconfig */,
			);
			name = Pods;
			sourceTree = "<group>";
		};
		9C426C2A1E8946600009065C = {
			isa = PBXGroup;
			children = (
				9C426C351E8946600009065C /* Flickr Architecture Viewer */,
				9C426C341E8946600009065C /* Products */,
				962086752BD953D1A1C2F8F8 /* Pods */,
				FAA110DED72F4C1AA77985FC /* Frameworks */,
			);
			sourceTree = "<group>";
		};
		9C426C341E8946600009065C /* Products */ = {
			isa = PBXGroup;
			children = (
				9C426C331E8946600009065C /* Flickr Architecture Viewer.app */,
			);
			name = Products;
			sourceTree = "<group>";
		};
		9C426C351E8946600009065C /* Flickr Architecture Viewer */ = {
			isa = PBXGroup;
			children = (
				9C426C4B1E895E980009065C /* Controllers */,
				9C426C4A1E895E7E0009065C /* Custom Cells */,
				9C426C491E895E630009065C /* Networking */,
				9C426C481E895E5C0009065C /* Model */,
				9C426C361E8946600009065C /* AppDelegate.swift */,
				9C426C3A1E8946600009065C /* Main.storyboard */,
				9C426C3D1E8946600009065C /* Assets.xcassets */,
				9C426C3F1E8946600009065C /* LaunchScreen.storyboard */,
				9C426C421E8946600009065C /* Info.plist */,
			);
			path = "Flickr Architecture Viewer";
			sourceTree = "<group>";
		};
		9C426C481E895E5C0009065C /* Model */ = {
			isa = PBXGroup;
			children = (
				9C426C4E1E8965940009065C /* Photo.swift */,
			);
			name = Model;
			sourceTree = "<group>";
		};
		9C426C491E895E630009065C /* Networking */ = {
			isa = PBXGroup;
			children = (
				9C426C4C1E895FE30009065C /* PhotosNetworking.swift */,
			);
			name = Networking;
			sourceTree = "<group>";
		};
		9C426C4A1E895E7E0009065C /* Custom Cells */ = {
			isa = PBXGroup;
			children = (
			);
			name = "Custom Cells";
			sourceTree = "<group>";
		};
		9C426C4B1E895E980009065C /* Controllers */ = {
			isa = PBXGroup;
			children = (
				9C426C381E8946600009065C /* ViewController.swift */,
			);
			name = Controllers;
			sourceTree = "<group>";
		};
		FAA110DED72F4C1AA77985FC /* Frameworks */ = {
			isa = PBXGroup;
			children = (
				7F33E5EA693DC9471D1BC259 /* Pods_Flickr_Architecture_Viewer.framework */,
			);
			name = Frameworks;
			sourceTree = "<group>";
		};
/* End PBXGroup section */

/* Begin PBXNativeTarget section */
		9C426C321E8946600009065C /* Flickr Architecture Viewer */ = {
			isa = PBXNativeTarget;
			buildConfigurationList = 9C426C451E8946600009065C /* Build configuration list for PBXNativeTarget "Flickr Architecture Viewer" */;
			buildPhases = (
				20AE75A46EC5A01910E36B27 /* [CP] Check Pods Manifest.lock */,
				9C426C2F1E8946600009065C /* Sources */,
				9C426C301E8946600009065C /* Frameworks */,
				9C426C311E8946600009065C /* Resources */,
				44127CF5E2B5A6475A5053D6 /* [CP] Embed Pods Frameworks */,
				2EC290308601748A4FAE9F56 /* [CP] Copy Pods Resources */,
			);
			buildRules = (
			);
			dependencies = (
			);
			name = "Flickr Architecture Viewer";
			productName = "Flickr Architecture Viewer";
			productReference = 9C426C331E8946600009065C /* Flickr Architecture Viewer.app */;
			productType = "com.apple.product-type.application";
		};
/* End PBXNativeTarget section */

/* Begin PBXProject section */
		9C426C2B1E8946600009065C /* Project object */ = {
			isa = PBXProject;
			attributes = {
				LastSwiftUpdateCheck = 0820;
				LastUpgradeCheck = 0820;
				ORGANIZATIONNAME = "Taras Parkhomenko";
				TargetAttributes = {
					9C426C321E8946600009065C = {
						CreatedOnToolsVersion = 8.2.1;
						DevelopmentTeam = WG95M4JP38;
						ProvisioningStyle = Automatic;
					};
				};
			};
			buildConfigurationList = 9C426C2E1E8946600009065C /* Build configuration list for PBXProject "Flickr Architecture Viewer" */;
			compatibilityVersion = "Xcode 3.2";
			developmentRegion = English;
			hasScannedForEncodings = 0;
			knownRegions = (
				en,
				Base,
			);
			mainGroup = 9C426C2A1E8946600009065C;
			productRefGroup = 9C426C341E8946600009065C /* Products */;
			projectDirPath = "";
			projectRoot = "";
			targets = (
				9C426C321E8946600009065C /* Flickr Architecture Viewer */,
			);
		};
/* End PBXProject section */

/* Begin PBXResourcesBuildPhase section */
		9C426C311E8946600009065C /* Resources */ = {
			isa = PBXResourcesBuildPhase;
			buildActionMask = 2147483647;
			files = (
				9C426C411E8946600009065C /* LaunchScreen.storyboard in Resources */,
				9C426C3E1E8946600009065C /* Assets.xcassets in Resources */,
				9C426C3C1E8946600009065C /* Main.storyboard in Resources */,
			);
			runOnlyForDeploymentPostprocessing = 0;
		};
/* End PBXResourcesBuildPhase section */

/* Begin PBXShellScriptBuildPhase section */
		20AE75A46EC5A01910E36B27 /* [CP] Check Pods Manifest.lock */ = {
			isa = PBXShellScriptBuildPhase;
			buildActionMask = 2147483647;
			files = (
			);
			inputPaths = (
			);
			name = "[CP] Check Pods Manifest.lock";
			outputPaths = (
			);
			runOnlyForDeploymentPostprocessing = 0;
			shellPath = /bin/sh;
			shellScript = "diff \"${PODS_ROOT}/../Podfile.lock\" \"${PODS_ROOT}/Manifest.lock\" > /dev/null\nif [ $? != 0 ] ; then\n    # print error to STDERR\n    echo \"error: The sandbox is not in sync with the Podfile.lock. Run 'pod install' or update your CocoaPods installation.\" >&2\n    exit 1\nfi\n";
			showEnvVarsInLog = 0;
		};
		2EC290308601748A4FAE9F56 /* [CP] Copy Pods Resources */ = {
			isa = PBXShellScriptBuildPhase;
			buildActionMask = 2147483647;
			files = (
			);
			inputPaths = (
			);
			name = "[CP] Copy Pods Resources";
			outputPaths = (
			);
			runOnlyForDeploymentPostprocessing = 0;
			shellPath = /bin/sh;
			shellScript = "\"${SRCROOT}/Pods/Target Support Files/Pods-Flickr Architecture Viewer/Pods-Flickr Architecture Viewer-resources.sh\"\n";
			showEnvVarsInLog = 0;
		};
		44127CF5E2B5A6475A5053D6 /* [CP] Embed Pods Frameworks */ = {
			isa = PBXShellScriptBuildPhase;
			buildActionMask = 2147483647;
			files = (
			);
			inputPaths = (
			);
			name = "[CP] Embed Pods Frameworks";
			outputPaths = (
			);
			runOnlyForDeploymentPostprocessing = 0;
			shellPath = /bin/sh;
			shellScript = "\"${SRCROOT}/Pods/Target Support Files/Pods-Flickr Architecture Viewer/Pods-Flickr Architecture Viewer-frameworks.sh\"\n";
			showEnvVarsInLog = 0;
		};
/* End PBXShellScriptBuildPhase section */

/* Begin PBXSourcesBuildPhase section */
		9C426C2F1E8946600009065C /* Sources */ = {
			isa = PBXSourcesBuildPhase;
			buildActionMask = 2147483647;
			files = (
				9C426C4F1E8965940009065C /* Photo.swift in Sources */,
				9C426C391E8946600009065C /* ViewController.swift in Sources */,
				9C426C4D1E895FE30009065C /* PhotosNetworking.swift in Sources */,
				9C426C371E8946600009065C /* AppDelegate.swift in Sources */,
			);
			runOnlyForDeploymentPostprocessing = 0;
		};
/* End PBXSourcesBuildPhase section */

/* Begin PBXVariantGroup section */
		9C426C3A1E8946600009065C /* Main.storyboard */ = {
			isa = PBXVariantGroup;
			children = (
				9C426C3B1E8946600009065C /* Base */,
			);
			name = Main.storyboard;
			sourceTree = "<group>";
		};
		9C426C3F1E8946600009065C /* LaunchScreen.storyboard */ = {
			isa = PBXVariantGroup;
			children = (
				9C426C401E8946600009065C /* Base */,
			);
			name = LaunchScreen.storyboard;
			sourceTree = "<group>";
		};
/* End PBXVariantGroup section */

/* Begin XCBuildConfiguration section */
		9C426C431E8946600009065C /* Debug */ = {
			isa = XCBuildConfiguration;
			buildSettings = {
				ALWAYS_SEARCH_USER_PATHS = NO;
				CLANG_ANALYZER_NONNULL = YES;
				CLANG_CXX_LANGUAGE_STANDARD = "gnu++0x";
				CLANG_CXX_LIBRARY = "libc++";
				CLANG_ENABLE_MODULES = YES;
				CLANG_ENABLE_OBJC_ARC = YES;
				CLANG_WARN_BOOL_CONVERSION = YES;
				CLANG_WARN_CONSTANT_CONVERSION = YES;
				CLANG_WARN_DIRECT_OBJC_ISA_USAGE = YES_ERROR;
				CLANG_WARN_DOCUMENTATION_COMMENTS = YES;
				CLANG_WARN_EMPTY_BODY = YES;
				CLANG_WARN_ENUM_CONVERSION = YES;
				CLANG_WARN_INFINITE_RECURSION = YES;
				CLANG_WARN_INT_CONVERSION = YES;
				CLANG_WARN_OBJC_ROOT_CLASS = YES_ERROR;
				CLANG_WARN_SUSPICIOUS_MOVE = YES;
				CLANG_WARN_UNREACHABLE_CODE = YES;
				CLANG_WARN__DUPLICATE_METHOD_MATCH = YES;
				"CODE_SIGN_IDENTITY[sdk=iphoneos*]" = "iPhone Developer";
				COPY_PHASE_STRIP = NO;
				DEBUG_INFORMATION_FORMAT = dwarf;
				ENABLE_STRICT_OBJC_MSGSEND = YES;
				ENABLE_TESTABILITY = YES;
				GCC_C_LANGUAGE_STANDARD = gnu99;
				GCC_DYNAMIC_NO_PIC = NO;
				GCC_NO_COMMON_BLOCKS = YES;
				GCC_OPTIMIZATION_LEVEL = 0;
				GCC_PREPROCESSOR_DEFINITIONS = (
					"DEBUG=1",
					"$(inherited)",
				);
				GCC_WARN_64_TO_32_BIT_CONVERSION = YES;
				GCC_WARN_ABOUT_RETURN_TYPE = YES_ERROR;
				GCC_WARN_UNDECLARED_SELECTOR = YES;
				GCC_WARN_UNINITIALIZED_AUTOS = YES_AGGRESSIVE;
				GCC_WARN_UNUSED_FUNCTION = YES;
				GCC_WARN_UNUSED_VARIABLE = YES;
				IPHONEOS_DEPLOYMENT_TARGET = 10.2;
				MTL_ENABLE_DEBUG_INFO = YES;
				ONLY_ACTIVE_ARCH = YES;
				SDKROOT = iphoneos;
				SWIFT_ACTIVE_COMPILATION_CONDITIONS = DEBUG;
				SWIFT_OPTIMIZATION_LEVEL = "-Onone";
				TARGETED_DEVICE_FAMILY = "1,2";
			};
			name = Debug;
		};
		9C426C441E8946600009065C /* Release */ = {
			isa = XCBuildConfiguration;
			buildSettings = {
				ALWAYS_SEARCH_USER_PATHS = NO;
				CLANG_ANALYZER_NONNULL = YES;
				CLANG_CXX_LANGUAGE_STANDARD = "gnu++0x";
				CLANG_CXX_LIBRARY = "libc++";
				CLANG_ENABLE_MODULES = YES;
				CLANG_ENABLE_OBJC_ARC = YES;
				CLANG_WARN_BOOL_CONVERSION = YES;
				CLANG_WARN_CONSTANT_CONVERSION = YES;
				CLANG_WARN_DIRECT_OBJC_ISA_USAGE = YES_ERROR;
				CLANG_WARN_DOCUMENTATION_COMMENTS = YES;
				CLANG_WARN_EMPTY_BODY = YES;
				CLANG_WARN_ENUM_CONVERSION = YES;
				CLANG_WARN_INFINITE_RECURSION = YES;
				CLANG_WARN_INT_CONVERSION = YES;
				CLANG_WARN_OBJC_ROOT_CLASS = YES_ERROR;
				CLANG_WARN_SUSPICIOUS_MOVE = YES;
				CLANG_WARN_UNREACHABLE_CODE = YES;
				CLANG_WARN__DUPLICATE_METHOD_MATCH = YES;
				"CODE_SIGN_IDENTITY[sdk=iphoneos*]" = "iPhone Developer";
				COPY_PHASE_STRIP = NO;
				DEBUG_INFORMATION_FORMAT = "dwarf-with-dsym";
				ENABLE_NS_ASSERTIONS = NO;
				ENABLE_STRICT_OBJC_MSGSEND = YES;
				GCC_C_LANGUAGE_STANDARD = gnu99;
				GCC_NO_COMMON_BLOCKS = YES;
				GCC_WARN_64_TO_32_BIT_CONVERSION = YES;
				GCC_WARN_ABOUT_RETURN_TYPE = YES_ERROR;
				GCC_WARN_UNDECLARED_SELECTOR = YES;
				GCC_WARN_UNINITIALIZED_AUTOS = YES_AGGRESSIVE;
				GCC_WARN_UNUSED_FUNCTION = YES;
				GCC_WARN_UNUSED_VARIABLE = YES;
				IPHONEOS_DEPLOYMENT_TARGET = 10.2;
				MTL_ENABLE_DEBUG_INFO = NO;
				SDKROOT = iphoneos;
				SWIFT_OPTIMIZATION_LEVEL = "-Owholemodule";
				TARGETED_DEVICE_FAMILY = "1,2";
				VALIDATE_PRODUCT = YES;
			};
			name = Release;
		};
		9C426C461E8946600009065C /* Debug */ = {
			isa = XCBuildConfiguration;
			baseConfigurationReference = B331202403A10476408AE5C0 /* Pods-Flickr Architecture Viewer.debug.xcconfig */;
			buildSettings = {
				ASSETCATALOG_COMPILER_APPICON_NAME = AppIcon;
				DEVELOPMENT_TEAM = WG95M4JP38;
				INFOPLIST_FILE = "Flickr Architecture Viewer/Info.plist";
				LD_RUNPATH_SEARCH_PATHS = "$(inherited) @executable_path/Frameworks";
				PRODUCT_BUNDLE_IDENTIFIER = "tparkhomenko.Flickr-Architecture-Viewer";
				PRODUCT_NAME = "$(TARGET_NAME)";
				SWIFT_VERSION = 3.0;
			};
			name = Debug;
		};
		9C426C471E8946600009065C /* Release */ = {
			isa = XCBuildConfiguration;
			baseConfigurationReference = 5349A8B16C0CA29C72689710 /* Pods-Flickr Architecture Viewer.release.xcconfig */;
			buildSettings = {
				ASSETCATALOG_COMPILER_APPICON_NAME = AppIcon;
				DEVELOPMENT_TEAM = WG95M4JP38;
				INFOPLIST_FILE = "Flickr Architecture Viewer/Info.plist";
				LD_RUNPATH_SEARCH_PATHS = "$(inherited) @executable_path/Frameworks";
				PRODUCT_BUNDLE_IDENTIFIER = "tparkhomenko.Flickr-Architecture-Viewer";
				PRODUCT_NAME = "$(TARGET_NAME)";
				SWIFT_VERSION = 3.0;
			};
			name = Release;
		};
/* End XCBuildConfiguration section */

/* Begin XCConfigurationList section */
		9C426C2E1E8946600009065C /* Build configuration list for PBXProject "Flickr Architecture Viewer" */ = {
			isa = XCConfigurationList;
			buildConfigurations = (
				9C426C431E8946600009065C /* Debug */,
				9C426C441E8946600009065C /* Release */,
			);
			defaultConfigurationIsVisible = 0;
			defaultConfigurationName = Release;
		};
		9C426C451E8946600009065C /* Build configuration list for PBXNativeTarget "Flickr Architecture Viewer" */ = {
			isa = XCConfigurationList;
			buildConfigurations = (
				9C426C461E8946600009065C /* Debug */,
				9C426C471E8946600009065C /* Release */,
			);
			defaultConfigurationIsVisible = 0;
			defaultConfigurationName = Release;
		};
/* End XCConfigurationList section */
	};
	rootObject = 9C426C2B1E8946600009065C /* Project object */;
}
